
Microsoft Visual Studio Solution File, Format Version 12.00
# Visual Studio 15
VisualStudioVersion = 15.0.28307.1927
MinimumVisualStudioVersion = 10.0.40219.1
Project("{8BC9CEB8-8B4A-11D0-8D11-00A0C91BC942}") = "Gateway-GP", "Gateway-GP\Gateway-GP.vcxproj", "{79B6F6AF-0BCF-4316-BB64-96B885DEC138}"
EndProject
Global
	GlobalSection(SolutionConfigurationPlatforms) = preSolution
		Debug|x86 = Debug|x86
		Release|x86 = Release|x86
	EndGlobalSection
	GlobalSection(ProjectConfigurationPlatforms) = postSolution
		{79B6F6AF-0BCF-4316-BB64-96B885DEC138}.Debug|x64.ActiveCfg = Debug|Win32
		{79B6F6AF-0BCF-4316-BB64-96B885DEC138}.Debug|x86.ActiveCfg = Debug|Win32
		{79B6F6AF-0BCF-4316-BB64-96B885DEC138}.Debug|x86.Build.0 = Debug|Win32
		{79B6F6AF-0BCF-4316-BB64-96B885DEC138}.Release|x64.ActiveCfg = Release|Win32
		{79B6F6AF-0BCF-4316-BB64-96B885DEC138}.Release|x86.ActiveCfg = Release|Win32
		{79B6F6AF-0BCF-4316-BB64-96B885DEC138}.Release|x86.Build.0 = Release|Win32
	EndGlobalSection
	GlobalSection(SolutionProperties) = preSolution
		HideSolutionNode = FALSE
	EndGlobalSection
	GlobalSection(ExtensibilityGlobals) = postSolution
		SolutionGuid = {8C23104C-0A95-4B16-B5D8-4125D3B5A167}
	EndGlobalSection
EndGlobal
